
Microsoft Visual Studio Solution File, Format Version 12.00
# Visual Studio Version 17
VisualStudioVersion = 17.3.32901.215
MinimumVisualStudioVersion = 10.0.40219.1
Project("{9A19103F-16F7-4668-BE54-9A1E7A4F7556}") = "ToDo2022.AppWeb", "FrontEnd\ToDo2022.AppWeb\ToDo2022.AppWeb.csproj", "{CB7D0AAC-058F-4949-A97E-B603794E2BA1}"
EndProject
Project("{2150E333-8FDC-42A3-9474-1A3956D46DE8}") = "01.FrontEnd", "01.FrontEnd", "{F4BC39DC-09D6-4750-B030-8131C8AB6CD4}"
EndProject
Project("{9A19103F-16F7-4668-BE54-9A1E7A4F7556}") = "ToDo2022.MetasManager", "FrontEnd\ToDo2022.MetasManager\ToDo2022.MetasManager.csproj", "{76B8BB4D-48E3-480C-8166-93635E44F281}"
EndProject
Project("{2150E333-8FDC-42A3-9474-1A3956D46DE8}") = "02.BackEnd", "02.BackEnd", "{B65AD33E-B8D2-4C0D-9950-D525FC766D98}"
EndProject
Project("{9A19103F-16F7-4668-BE54-9A1E7A4F7556}") = "ToDo2022.Api", "BackEnd\ToDo2022.Api\ToDo2022.Api.csproj", "{7FF9109B-FDA4-413E-95EF-16138C174515}"
EndProject
Project("{9A19103F-16F7-4668-BE54-9A1E7A4F7556}") = "ToDo2022.Database", "BackEnd\ToDo2022.Database\ToDo2022.Database.csproj", "{2C36BD36-6D14-4191-AA12-8F2E94C2DD16}"
EndProject
Global
	GlobalSection(SolutionConfigurationPlatforms) = preSolution
		Debug|Any CPU = Debug|Any CPU
		Release|Any CPU = Release|Any CPU
	EndGlobalSection
	GlobalSection(ProjectConfigurationPlatforms) = postSolution
		{CB7D0AAC-058F-4949-A97E-B603794E2BA1}.Debug|Any CPU.ActiveCfg = Debug|Any CPU
		{CB7D0AAC-058F-4949-A97E-B603794E2BA1}.Debug|Any CPU.Build.0 = Debug|Any CPU
		{CB7D0AAC-058F-4949-A97E-B603794E2BA1}.Release|Any CPU.ActiveCfg = Release|Any CPU
		{CB7D0AAC-058F-4949-A97E-B603794E2BA1}.Release|Any CPU.Build.0 = Release|Any CPU
		{76B8BB4D-48E3-480C-8166-93635E44F281}.Debug|Any CPU.ActiveCfg = Debug|Any CPU
		{76B8BB4D-48E3-480C-8166-93635E44F281}.Debug|Any CPU.Build.0 = Debug|Any CPU
		{76B8BB4D-48E3-480C-8166-93635E44F281}.Release|Any CPU.ActiveCfg = Release|Any CPU
		{76B8BB4D-48E3-480C-8166-93635E44F281}.Release|Any CPU.Build.0 = Release|Any CPU
		{7FF9109B-FDA4-413E-95EF-16138C174515}.Debug|Any CPU.ActiveCfg = Debug|Any CPU
		{7FF9109B-FDA4-413E-95EF-16138C174515}.Debug|Any CPU.Build.0 = Debug|Any CPU
		{7FF9109B-FDA4-413E-95EF-16138C174515}.Release|Any CPU.ActiveCfg = Release|Any CPU
		{7FF9109B-FDA4-413E-95EF-16138C174515}.Release|Any CPU.Build.0 = Release|Any CPU
		{2C36BD36-6D14-4191-AA12-8F2E94C2DD16}.Debug|Any CPU.ActiveCfg = Debug|Any CPU
		{2C36BD36-6D14-4191-AA12-8F2E94C2DD16}.Debug|Any CPU.Build.0 = Debug|Any CPU
		{2C36BD36-6D14-4191-AA12-8F2E94C2DD16}.Release|Any CPU.ActiveCfg = Release|Any CPU
		{2C36BD36-6D14-4191-AA12-8F2E94C2DD16}.Release|Any CPU.Build.0 = Release|Any CPU
	EndGlobalSection
	GlobalSection(SolutionProperties) = preSolution
		HideSolutionNode = FALSE
	EndGlobalSection
	GlobalSection(NestedProjects) = preSolution
		{CB7D0AAC-058F-4949-A97E-B603794E2BA1} = {F4BC39DC-09D6-4750-B030-8131C8AB6CD4}
		{76B8BB4D-48E3-480C-8166-93635E44F281} = {F4BC39DC-09D6-4750-B030-8131C8AB6CD4}
		{7FF9109B-FDA4-413E-95EF-16138C174515} = {B65AD33E-B8D2-4C0D-9950-D525FC766D98}
		{2C36BD36-6D14-4191-AA12-8F2E94C2DD16} = {B65AD33E-B8D2-4C0D-9950-D525FC766D98}
	EndGlobalSection
	GlobalSection(ExtensibilityGlobals) = postSolution
		SolutionGuid = {11AA4C95-6B12-4759-A1E9-D457457D7325}
	EndGlobalSection
EndGlobal
